
Microsoft Visual Studio Solution File, Format Version 12.00
# Visual Studio Version 16
VisualStudioVersion = 16.0.34407.143
MinimumVisualStudioVersion = 10.0.40219.1
Project("{FAE04EC0-301F-11D3-BF4B-00C04F79EFBC}") = "VirtualandoverrideExample", "VirtualandoverrideExample\VirtualandoverrideExample.csproj", "{C455D11C-2A27-4146-B527-01C08F30D0AB}"
EndProject
Global
	GlobalSection(SolutionConfigurationPlatforms) = preSolution
		Debug|Any CPU = Debug|Any CPU
		Release|Any CPU = Release|Any CPU
	EndGlobalSection
	GlobalSection(ProjectConfigurationPlatforms) = postSolution
		{C455D11C-2A27-4146-B527-01C08F30D0AB}.Debug|Any CPU.ActiveCfg = Debug|Any CPU
		{C455D11C-2A27-4146-B527-01C08F30D0AB}.Debug|Any CPU.Build.0 = Debug|Any CPU
		{C455D11C-2A27-4146-B527-01C08F30D0AB}.Release|Any CPU.ActiveCfg = Release|Any CPU
		{C455D11C-2A27-4146-B527-01C08F30D0AB}.Release|Any CPU.Build.0 = Release|Any CPU
	EndGlobalSection
	GlobalSection(SolutionProperties) = preSolution
		HideSolutionNode = FALSE
	EndGlobalSection
	GlobalSection(ExtensibilityGlobals) = postSolution
		SolutionGuid = {0D01BE19-9A66-4AC6-8F37-8AEED8AA1505}
	EndGlobalSection
EndGlobal
