
Microsoft Visual Studio Solution File, Format Version 12.00
# Visual Studio Version 17
VisualStudioVersion = 17.9.34616.47
MinimumVisualStudioVersion = 10.0.40219.1
Project("{FAE04EC0-301F-11D3-BF4B-00C04F79EFBC}") = "AuthenticationandAuthorization", "AuthenticationandAuthorization\AuthenticationandAuthorization.csproj", "{82931593-F0DF-459D-A29B-F960E1204C6B}"
EndProject
Global
	GlobalSection(SolutionConfigurationPlatforms) = preSolution
		Debug|Any CPU = Debug|Any CPU
		Release|Any CPU = Release|Any CPU
	EndGlobalSection
	GlobalSection(ProjectConfigurationPlatforms) = postSolution
		{82931593-F0DF-459D-A29B-F960E1204C6B}.Debug|Any CPU.ActiveCfg = Debug|Any CPU
		{82931593-F0DF-459D-A29B-F960E1204C6B}.Debug|Any CPU.Build.0 = Debug|Any CPU
		{82931593-F0DF-459D-A29B-F960E1204C6B}.Release|Any CPU.ActiveCfg = Release|Any CPU
		{82931593-F0DF-459D-A29B-F960E1204C6B}.Release|Any CPU.Build.0 = Release|Any CPU
	EndGlobalSection
	GlobalSection(SolutionProperties) = preSolution
		HideSolutionNode = FALSE
	EndGlobalSection
	GlobalSection(ExtensibilityGlobals) = postSolution
		SolutionGuid = {856B041C-A254-404A-9857-F82B695ED582}
	EndGlobalSection
EndGlobal
