
Microsoft Visual Studio Solution File, Format Version 12.00
# Visual Studio Version 17
VisualStudioVersion = 17.9.34616.47
MinimumVisualStudioVersion = 10.0.40219.1
Project("{FAE04EC0-301F-11D3-BF4B-00C04F79EFBC}") = "CRUDq17", "CRUDq17\CRUDq17.csproj", "{EF9688A0-F405-4FE0-84D9-2CA7B17E5228}"
EndProject
Global
	GlobalSection(SolutionConfigurationPlatforms) = preSolution
		Debug|Any CPU = Debug|Any CPU
		Release|Any CPU = Release|Any CPU
	EndGlobalSection
	GlobalSection(ProjectConfigurationPlatforms) = postSolution
		{EF9688A0-F405-4FE0-84D9-2CA7B17E5228}.Debug|Any CPU.ActiveCfg = Debug|Any CPU
		{EF9688A0-F405-4FE0-84D9-2CA7B17E5228}.Debug|Any CPU.Build.0 = Debug|Any CPU
		{EF9688A0-F405-4FE0-84D9-2CA7B17E5228}.Release|Any CPU.ActiveCfg = Release|Any CPU
		{EF9688A0-F405-4FE0-84D9-2CA7B17E5228}.Release|Any CPU.Build.0 = Release|Any CPU
	EndGlobalSection
	GlobalSection(SolutionProperties) = preSolution
		HideSolutionNode = FALSE
	EndGlobalSection
	GlobalSection(ExtensibilityGlobals) = postSolution
		SolutionGuid = {5F447143-3330-49B8-BAD8-3EAA89C37971}
	EndGlobalSection
EndGlobal
